{"format_version": "1.0", "provider_schemas": {"registry.terraform.io/svalabs/forgejo": {"provider": {"version": 0, "block": {"attributes": {"api_token": {"type": "string", "description": "Token for Forgejo API. May also be provided via FORGEJO_API_TOKEN environment variable.", "description_kind": "plain", "optional": true, "sensitive": true}, "host": {"type": "string", "description": "URI for Forgejo API. May also be provided via FORGEJO_HOST environment variable.", "description_kind": "plain", "optional": true}, "password": {"type": "string", "description": "Password for Forgejo API. May also be provided via FORGEJO_PASSWORD environment variable.", "description_kind": "plain", "optional": true, "sensitive": true}, "username": {"type": "string", "description": "Username for Forgejo API. May also be provided via FORGEJO_USERNAME environment variable.", "description_kind": "plain", "optional": true}}, "description": "Terraform provider for Forgejo \u2014 self-hosted lightweight software forge.\n\nRefer to the project's [README](https://github.com/svalabs/terraform-provider-forgejo#readme)\nfor detailed usage examples and troubleshooting information.", "description_kind": "markdown"}}, "resource_schemas": {"forgejo_branch_protection": {"version": 0, "block": {"attributes": {"approvals_whitelist_teams": {"type": ["set", "string"], "description": "Whitelisted teams for reviewing. **Note**: This setting is only effective if `enable_approvals_whitelist` is `true`.", "description_kind": "plain", "optional": true, "computed": true}, "approvals_whitelist_usernames": {"type": ["set", "string"], "description": "Whitelisted users for reviewing. **Note**: This setting is only effective if `enable_approvals_whitelist` is `true`.", "description_kind": "plain", "optional": true, "computed": true}, "block_on_official_review_requests": {"type": "bool", "description": "Block merge on official review requests.", "description_kind": "plain", "optional": true, "computed": true}, "block_on_outdated_branch": {"type": "bool", "description": "Block merge if pull request is outdated.", "description_kind": "plain", "optional": true, "computed": true}, "block_on_rejected_reviews": {"type": "bool", "description": "Block merge on rejected reviews.", "description_kind": "plain", "optional": true, "computed": true}, "branch_name": {"type": "string", "description": "Name of the branch to protect. Changing this forces a new resource to be created.", "description_kind": "plain", "required": true}, "dismiss_stale_approvals": {"type": "bool", "description": "Dismiss stale approvals.", "description_kind": "plain", "optional": true, "computed": true}, "enable_approvals_whitelist": {"type": "bool", "description": "Restrict approvals to whitelisted users or teams.", "description_kind": "plain", "optional": true, "computed": true}, "enable_merge_whitelist": {"type": "bool", "description": "Restrict merge to whitelisted users or teams.", "description_kind": "plain", "optional": true, "computed": true}, "enable_push": {"type": "bool", "description": "Enable push to the branch.", "description_kind": "plain", "optional": true, "computed": true}, "enable_push_whitelist": {"type": "bool", "description": "Restrict push to whitelisted users or teams. **Note**: This setting is only effective if `enable_push` is `true`.", "description_kind": "plain", "optional": true, "computed": true}, "enable_status_check": {"type": "bool", "description": "Enable status check.", "description_kind": "plain", "optional": true, "computed": true}, "merge_whitelist_teams": {"type": ["set", "string"], "description": "Whitelisted teams for merging. **Note**: This setting is only effective if `enable_merge_whitelist` is `true`.", "description_kind": "plain", "optional": true, "computed": true}, "merge_whitelist_usernames": {"type": ["set", "string"], "description": "Whitelisted users for merging. **Note**: This setting is only effective if `enable_merge_whitelist` is `true`.", "description_kind": "plain", "optional": true, "computed": true}, "protected_file_patterns": {"type": "string", "description": "Protected file patterns (separated using semicolon ';').", "description_kind": "plain", "optional": true, "computed": true}, "push_whitelist_deploy_keys": {"type": "bool", "description": "Whitelist deploy keys with write access to push. **Note**: This setting is only effective if `enable_push_whitelist` is `true`.", "description_kind": "plain", "optional": true, "computed": true}, "push_whitelist_teams": {"type": ["set", "string"], "description": "Whitelisted teams for pushing. **Note**: This setting is only effective if `enable_push_whitelist` is `true`.", "description_kind": "plain", "optional": true, "computed": true}, "push_whitelist_usernames": {"type": ["set", "string"], "description": "Whitelisted users for pushing. **Note**: This setting is only effective if `enable_push_whitelist` is `true`.", "description_kind": "plain", "optional": true, "computed": true}, "repository_id": {"type": "number", "description": "Numeric identifier of the repository. Changing this forces a new resource to be created.", "description_kind": "plain", "required": true}, "require_signed_commits": {"type": "bool", "description": "Require signed commits.", "description_kind": "plain", "optional": true, "computed": true}, "required_approvals": {"type": "number", "description": "Number of required approvals.", "description_kind": "plain", "optional": true, "computed": true}, "status_check_contexts": {"type": ["list", "string"], "description": "Status check patterns. **Note**: This setting is only effective if `enable_status_check` is `true`.", "description_kind": "plain", "optional": true, "computed": true}, "unprotected_file_patterns": {"type": "string", "description": "Unprotected file patterns (separated using semicolon ';').", "description_kind": "plain", "optional": true, "computed": true}}, "description": "Forgejo branch protection resource.", "description_kind": "plain"}}, "forgejo_collaborator": {"version": 0, "block": {"attributes": {"permission": {"type": "string", "description": "Repository permissions of the collaborator. Must be one of 'read', 'write', 'admin'.", "description_kind": "plain", "required": true}, "repository_id": {"type": "number", "description": "Numeric identifier of the repository. Changing this forces a new resource to be created.", "description_kind": "plain", "required": true}, "user": {"type": "string", "description": "Username of the collaborator. Changing this forces a new resource to be created.", "description_kind": "plain", "required": true}}, "description": "Forgejo repository collaborator resource.", "description_kind": "plain"}}, "forgejo_deploy_key": {"version": 0, "block": {"attributes": {"created_at": {"type": "string", "description": "Time at which the deploy key was created.", "description_kind": "plain", "computed": true}, "fingerprint": {"type": "string", "description": "Fingerprint of the deploy key.", "description_kind": "plain", "computed": true}, "key": {"type": "string", "description": "Armored SSH key. Trailing newlines must be removed (e.g. using trimspace() function). Changing this forces a new resource to be created.", "description_kind": "plain", "required": true}, "key_id": {"type": "string", "description": "Numeric identifier of the deploy key.", "description_kind": "plain", "computed": true}, "read_only": {"type": "bool", "description": "Does the key have only read access? Changing this forces a new resource to be created.", "description_kind": "plain", "required": true}, "repository_id": {"type": "number", "description": "Numeric identifier of the repository. Changing this forces a new resource to be created.", "description_kind": "plain", "required": true}, "title": {"type": "string", "description": "Title of the deploy key. Changing this forces a new resource to be created.", "description_kind": "plain", "required": true}, "url": {"type": "string", "description": "URL of the deploy key.", "description_kind": "plain", "computed": true}}, "description": "Forgejo repository deploy key resource.", "description_kind": "plain"}}, "forgejo_gpg_key": {"version": 0, "block": {"attributes": {"armored_public_key": {"type": "string", "description": "Armored GPG public key. Changing this forces a new resource to be created.", "description_kind": "plain", "required": true}, "can_certify": {"type": "bool", "description": "Can this key certify.", "description_kind": "plain", "computed": true}, "can_encrypt_comms": {"type": "bool", "description": "Can this key encrypt communications.", "description_kind": "plain", "computed": true}, "can_encrypt_storage": {"type": "bool", "description": "Can this key encrypt storage.", "description_kind": "plain", "computed": true}, "can_sign": {"type": "bool", "description": "Can this key sign.", "description_kind": "plain", "computed": true}, "created_at": {"type": "string", "description": "Time at which the GPG key was created.", "description_kind": "plain", "computed": true}, "emails": {"type": ["list", ["object", {"email": "string", "verified": "bool"}]], "description": "Emails associated with the GPG key.", "description_kind": "plain", "computed": true}, "expires_at": {"type": "string", "description": "Time at which the GPG key expires.", "description_kind": "plain", "computed": true}, "id": {"type": "string", "description": "Numeric identifier of the GPG key.", "description_kind": "plain", "computed": true}, "key_id": {"type": "string", "description": "ID of the GPG key.", "description_kind": "plain", "computed": true}, "primary_key_id": {"type": "string", "description": "Primary ID of the GPG key.", "description_kind": "plain", "computed": true}, "public_key": {"type": "string", "description": "The public key.", "description_kind": "plain", "computed": true}, "subkeys": {"type": ["list", ["object", {"can_certify": "bool", "can_encrypt_comms": "bool", "can_encrypt_storage": "bool", "can_sign": "bool", "created_at": "string", "expires_at": "string", "id": "number", "key_id": "string", "primary_key_id": "string", "public_key": "string"}]], "description": "Subkeys of the GPG key.", "description_kind": "plain", "computed": true}}, "description": "Forgejo user GPG key resource.", "description_kind": "plain"}}, "forgejo_organization": {"version": 0, "block": {"attributes": {"avatar_url": {"type": "string", "description": "Avatar URL of the organization.", "description_kind": "plain", "computed": true}, "description": {"type": "string", "description": "Description of the organization.", "description_kind": "plain", "optional": true, "computed": true}, "full_name": {"type": "string", "description": "Full name of the organization.", "description_kind": "plain", "optional": true, "computed": true}, "id": {"type": "string", "description": "Numeric identifier of the organization.", "description_kind": "plain", "computed": true}, "location": {"type": "string", "description": "Location of the organization.", "description_kind": "plain", "optional": true, "computed": true}, "name": {"type": "string", "description": "Name of the organization. Changing this forces a new resource to be created.", "description_kind": "plain", "required": true}, "repo_admin_change_team_access": {"type": "bool", "description": "Whether repository admin can add and remove access for teams. Changing this forces a new resource to be created.", "description_kind": "plain", "optional": true, "computed": true}, "visibility": {"type": "string", "description": "Visibility of the organization. Possible values are 'public' (default), 'limited', or 'private'.", "description_kind": "plain", "optional": true, "computed": true}, "website": {"type": "string", "description": "Website of the organization.", "description_kind": "plain", "optional": true, "computed": true}}, "description": "Forgejo organization resource.", "description_kind": "plain"}}, "forgejo_organization_action_secret": {"version": 0, "block": {"attributes": {"created_at": {"type": "string", "description": "Time at which the secret was created.", "description_kind": "plain", "computed": true}, "data": {"type": "string", "description": "Data of the secret.", "description_kind": "plain", "required": true, "sensitive": true}, "name": {"type": "string", "description": "Name of the secret. Changing this forces a new resource to be created.", "description_kind": "plain", "required": true}, "organization": {"type": "string", "description": "Name of the owning organization. Changing this forces a new resource to be created. **Note**: One of `organization` or `organization_id` must be specified.", "description_kind": "markdown", "optional": true, "computed": true}, "organization_id": {"type": "number", "description": "Numeric identifier of the owning organization. Changing this forces a new resource to be created. **Note**: One of `organization` or `organization_id` must be specified.", "description_kind": "markdown", "optional": true, "computed": true}}, "description": "Forgejo organization action secret resource.\n\n**Note**: The authenticated user must be a member of the managed organization(s) or have administrative privileges!", "description_kind": "markdown"}}, "forgejo_organization_action_variable": {"version": 0, "block": {"attributes": {"data": {"type": "string", "description": "Data of the variable.", "description_kind": "plain", "required": true}, "name": {"type": "string", "description": "Name of the variable.", "description_kind": "plain", "required": true}, "organization": {"type": "string", "description": "Name of the owning organization. Changing this forces a new resource to be created. **Note**: One of `organization` or `organization_id` must be specified.", "description_kind": "markdown", "optional": true, "computed": true}, "organization_id": {"type": "number", "description": "Numeric identifier of the owning organization. Changing this forces a new resource to be created. **Note**: One of `organization` or `organization_id` must be specified.", "description_kind": "markdown", "optional": true, "computed": true}}, "description": "Forgejo organization action variable resource.\n\n**Note**: The authenticated user must be a member of the managed organization(s) or have administrative privileges!", "description_kind": "markdown"}}, "forgejo_personal_access_token": {"version": 0, "block": {"attributes": {"id": {"type": "string", "description": "Numeric identifier of the personal access token.", "description_kind": "plain", "computed": true}, "name": {"type": "string", "description": "Name of the personal access token. Changing this forces a new resource to be created.", "description_kind": "plain", "required": true}, "scopes": {"type": ["set", "string"], "description": "Scopes of the personal access token. Changing this forces a new resource to be created.", "description_kind": "plain", "required": true}, "token": {"type": "string", "description": "The personal access token.", "description_kind": "plain", "computed": true, "sensitive": true}, "token_last_eight": {"type": "string", "description": "Last eight characters of the personal access token.", "description_kind": "plain", "computed": true}, "user": {"type": "string", "description": "Name of the user. Changing this forces a new resource to be created.", "description_kind": "plain", "required": true}}, "description": "Forgejo personal access token resource.\n\n**Note**: Due to an upstream limitation, one cannot create access tokens when authorized with access tokens. Use basic-auth instead.", "description_kind": "markdown"}}, "forgejo_repository": {"version": 0, "block": {"attributes": {"allow_fast_forward_only_merge": {"type": "bool", "description": "Allowed to fast-forward-only merge pull requests? **Note**: This setting is only effective if `has_pull_requests` is `true`.", "description_kind": "plain", "optional": true, "computed": true}, "allow_manual_merge": {"type": "bool", "description": "Allowed to manually merge pull requests? **Note**: This setting is only effective if `has_pull_requests` is `true`.", "description_kind": "plain", "optional": true, "computed": true}, "allow_merge_commits": {"type": "bool", "description": "Allowed to create merge commit? **Note**: This setting is only effective if `has_pull_requests` is `true`.", "description_kind": "plain", "optional": true, "computed": true}, "allow_rebase": {"type": "bool", "description": "Allowed to rebase then fast-forward? **Note**: This setting is only effective if `has_pull_requests` is `true`.", "description_kind": "plain", "optional": true, "computed": true}, "allow_rebase_explicit": {"type": "bool", "description": "Allowed to rebase then create merge commit? **Note**: This setting is only effective if `has_pull_requests` is `true`.", "description_kind": "plain", "optional": true, "computed": true}, "allow_rebase_update": {"type": "bool", "description": "Allowed to update pull request branch by rebase? **Note**: This setting is only effective if `has_pull_requests` is `true`.", "description_kind": "plain", "optional": true, "computed": true}, "allow_squash_merge": {"type": "bool", "description": "Allowed to create squash commit? **Note**: This setting is only effective if `has_pull_requests` is `true`.", "description_kind": "plain", "optional": true, "computed": true}, "archive_on_destroy": {"type": "bool", "description": "Archive the repo instead of delete?", "description_kind": "plain", "optional": true, "computed": true}, "archived": {"type": "bool", "description": "Is the repository archived?", "description_kind": "plain", "optional": true, "computed": true}, "auth_token": {"type": "string", "description": "API token for authenticating with migrate / clone URL. **Note**: This setting is only effective if `clone_addr` is set.", "description_kind": "plain", "optional": true, "sensitive": true}, "auto_init": {"type": "bool", "description": "Whether the repository should be auto-intialized? Changing this forces a new resource to be created.", "description_kind": "plain", "optional": true, "computed": true}, "autodetect_manual_merge": {"type": "bool", "description": "Auto-detect manual pull request merges? **Note**: This setting is only effective if `has_pull_requests` is `true`.", "description_kind": "plain", "optional": true, "computed": true}, "avatar_url": {"type": "string", "description": "Avatar URL of the repository.", "description_kind": "plain", "computed": true}, "clone_addr": {"type": "string", "description": "Migrate / clone from URL. Changing this forces a new resource to be created.", "description_kind": "plain", "optional": true, "computed": true}, "clone_url": {"type": "string", "description": "Clone URL of the repository.", "description_kind": "plain", "computed": true}, "created_at": {"type": "string", "description": "Time at which the repository was created.", "description_kind": "plain", "computed": true}, "default_allow_maintainer_edit": {"type": "bool", "description": "Allow maintainer edits on pull requests by default? **Note**: This setting is only effective if `has_pull_requests` is `true`.", "description_kind": "plain", "optional": true, "computed": true}, "default_branch": {"type": "string", "description": "Default branch of the repository.", "description_kind": "plain", "optional": true, "computed": true}, "default_delete_branch_after_merge": {"type": "bool", "description": "Delete pull request branch after merge by default? **Note**: This setting is only effective if `has_pull_requests` is `true`.", "description_kind": "plain", "optional": true, "computed": true}, "default_merge_style": {"type": "string", "description": "Default merge style of the repository. **Note**: This setting is only effective if `has_pull_requests` is `true`.", "description_kind": "plain", "optional": true, "computed": true}, "default_update_style": {"type": "string", "description": "Default pull request update style of the repository. **Note**: This setting is only effective if `has_pull_requests` is `true`.", "description_kind": "plain", "optional": true, "computed": true}, "description": {"type": "string", "description": "Description of the repository.", "description_kind": "plain", "optional": true, "computed": true}, "empty": {"type": "bool", "description": "Is the repository empty?", "description_kind": "plain", "computed": true}, "enable_prune": {"type": "bool", "description": "Remove obsolete remote-tracking references when mirroring? **Note**: This setting is only effective if `mirror` is `true`.", "description_kind": "plain", "optional": true, "computed": true}, "external_tracker": {"nested_type": {"attributes": {"external_tracker_format": {"type": "string", "description": "External issue tracker URL format. Use the placeholders `{user}`, `{repo}` and `{index}` for the username, repository name and issue index.", "description_kind": "plain", "required": true}, "external_tracker_regexp_pattern": {"type": "string", "description": "External issue tracker issue regular expression.", "description_kind": "plain", "optional": true, "computed": true}, "external_tracker_style": {"type": "string", "description": "External issue tracker number format.", "description_kind": "plain", "optional": true, "computed": true}, "external_tracker_url": {"type": "string", "description": "URL of external issue tracker.", "description_kind": "plain", "required": true}}, "nesting_mode": "single"}, "description": "Settings for external issue tracker. **Note**: This setting is only effective if `has_issues` is `true`.", "description_kind": "plain", "optional": true, "computed": true}, "external_wiki": {"nested_type": {"attributes": {"external_wiki_url": {"type": "string", "description": "URL of external wiki.", "description_kind": "plain", "required": true}}, "nesting_mode": "single"}, "description": "Settings for external wiki. **Note**: This setting is only effective if `has_wiki` is `true`.", "description_kind": "plain", "optional": true, "computed": true}, "fork": {"type": "bool", "description": "Is the repository a fork?", "description_kind": "plain", "computed": true}, "forks_count": {"type": "number", "description": "Number of forks of the repository.", "description_kind": "plain", "computed": true}, "full_name": {"type": "string", "description": "Full name of the repository.", "description_kind": "plain", "computed": true}, "gitignores": {"type": "string", "description": "Gitignores to use. Changing this forces a new resource to be created.", "description_kind": "plain", "optional": true, "computed": true}, "globally_editable_wiki": {"type": "bool", "description": "Is the repository wiki globally editable? **Note**: This setting is only effective if `has_wiki` is `true`.", "description_kind": "plain", "optional": true, "computed": true}, "has_actions": {"type": "bool", "description": "Are integrated CI/CD pipelines enabled?", "description_kind": "plain", "optional": true, "computed": true}, "has_issues": {"type": "bool", "description": "Is the repository issue tracker enabled?", "description_kind": "plain", "optional": true, "computed": true}, "has_packages": {"type": "bool", "description": "Is the repository package registry enabled?", "description_kind": "plain", "optional": true, "computed": true}, "has_projects": {"type": "bool", "description": "Are repository projects enabled?", "description_kind": "plain", "optional": true, "computed": true}, "has_pull_requests": {"type": "bool", "description": "Are repository pull requests enabled?", "description_kind": "plain", "optional": true, "computed": true}, "has_releases": {"type": "bool", "description": "Are repository releases enabled?", "description_kind": "plain", "optional": true, "computed": true}, "has_wiki": {"type": "bool", "description": "Is the repository wiki enabled?", "description_kind": "plain", "optional": true, "computed": true}, "html_url": {"type": "string", "description": "HTML URL of the repository.", "description_kind": "plain", "computed": true}, "id": {"type": "string", "description": "Numeric identifier of the repository.", "description_kind": "plain", "computed": true}, "ignore_whitespace_conflicts": {"type": "bool", "description": "Are whitespace conflicts ignored? **Note**: This setting is only effective if `has_pull_requests` is `true`.", "description_kind": "plain", "optional": true, "computed": true}, "internal": {"type": "bool", "description": "Is the repository internal?", "description_kind": "plain", "computed": true}, "internal_tracker": {"nested_type": {"attributes": {"allow_only_contributors_to_track_time": {"type": "bool", "description": "Let only contributors track time?", "description_kind": "plain", "optional": true, "computed": true}, "enable_issue_dependencies": {"type": "bool", "description": "Enable dependencies for issues and pull requests?", "description_kind": "plain", "optional": true, "computed": true}, "enable_time_tracker": {"type": "bool", "description": "Enable time tracking?", "description_kind": "plain", "optional": true, "computed": true}}, "nesting_mode": "single"}, "description": "Settings for built-in issue tracker. **Note**: This setting is only effective if `has_issues` is `true`.", "description_kind": "plain", "optional": true, "computed": true}, "issue_labels": {"type": "string", "description": "Issue Label set to use. Changing this forces a new resource to be created.", "description_kind": "plain", "optional": true, "computed": true}, "labels": {"type": "bool", "description": "Whether to migrate labels. Changing this forces a new resource to be created. **Note**: This setting is only effective if `clone_addr` is set.", "description_kind": "plain", "optional": true, "computed": true}, "lfs": {"type": "bool", "description": "Whether to migrate LFS files. Changing this forces a new resource to be created. **Note**: This setting is only effective if `clone_addr` is set.", "description_kind": "plain", "optional": true, "computed": true}, "lfs_endpoint": {"type": "string", "description": "LFS endpoint to use. Changing this forces a new resource to be created. **Note**: This setting is only effective if `lfs` is `true`.", "description_kind": "plain", "optional": true, "computed": true}, "license": {"type": "string", "description": "License to use. Changing this forces a new resource to be created.", "description_kind": "plain", "optional": true, "computed": true}, "milestones": {"type": "bool", "description": "Whether to migrate milestones. Changing this forces a new resource to be created. **Note**: This setting is only effective if `clone_addr` is set.", "description_kind": "plain", "optional": true, "computed": true}, "mirror": {"type": "bool", "description": "Is the repository a mirror? Changing this forces a new resource to be created. **Note**: This setting is only effective if `clone_addr` is set.", "description_kind": "plain", "optional": true, "computed": true}, "mirror_interval": {"type": "string", "description": "Mirror interval of the repository. **Note**: This setting is only effective if `mirror` is `true`.", "description_kind": "plain", "optional": true, "computed": true}, "mirror_updated": {"type": "string", "description": "Time at which the repository mirror was updated.", "description_kind": "plain", "computed": true}, "name": {"type": "string", "description": "Name of the repository.", "description_kind": "plain", "required": true}, "open_issues_count": {"type": "number", "description": "Number of open issues of the repository.", "description_kind": "plain", "computed": true}, "open_pr_counter": {"type": "number", "description": "Number of open pull requests of the repository.", "description_kind": "plain", "computed": true}, "owner": {"type": "string", "description": "Owner of the repository (user or organization). Changing this forces a new resource to be created.", "description_kind": "plain", "optional": true, "computed": true}, "parent_id": {"type": "number", "description": "Numeric identifier of the parent repository.", "description_kind": "plain", "computed": true}, "permissions": {"nested_type": {"attributes": {"admin": {"type": "bool", "description": "Allowed to administer?", "description_kind": "plain", "computed": true}, "pull": {"type": "bool", "description": "Allowed to pull?", "description_kind": "plain", "computed": true}, "push": {"type": "bool", "description": "Allowed to push?", "description_kind": "plain", "computed": true}}, "nesting_mode": "single"}, "description": "Permissions of the repository.", "description_kind": "plain", "computed": true}, "private": {"type": "bool", "description": "Is the repository private?", "description_kind": "plain", "optional": true, "computed": true}, "readme": {"type": "string", "description": "Readme of the repository to create. Changing this forces a new resource to be created.", "description_kind": "plain", "optional": true, "computed": true}, "release_counter": {"type": "number", "description": "Number of releases of the repository.", "description_kind": "plain", "computed": true}, "service": {"type": "string", "description": "Service to migrate from. Changing this forces a new resource to be created. **Note**: This setting is only effective if `clone_addr` is set.", "description_kind": "plain", "optional": true, "computed": true}, "size": {"type": "number", "description": "Size of the repository in KiB.", "description_kind": "plain", "computed": true}, "ssh_url": {"type": "string", "description": "SSH URL of the repository.", "description_kind": "plain", "computed": true}, "stars_count": {"type": "number", "description": "Number of stars of the repository.", "description_kind": "plain", "computed": true}, "template": {"type": "bool", "description": "Is the repository a template?", "description_kind": "plain", "optional": true, "computed": true}, "trust_model": {"type": "string", "description": "TrustModel of the repository. Changing this forces a new resource to be created.", "description_kind": "plain", "optional": true, "computed": true}, "updated_at": {"type": "string", "description": "Time at which the repository was updated.", "description_kind": "plain", "computed": true}, "watchers_count": {"type": "number", "description": "Number of watchers of the repository.", "description_kind": "plain", "computed": true}, "website": {"type": "string", "description": "Website of the repository.", "description_kind": "plain", "optional": true, "computed": true}, "wiki_branch": {"type": "string", "description": "Branch used for the repository wiki. **Note**: This setting is only effective if `has_wiki` is `true`.", "description_kind": "plain", "optional": true, "computed": true}}, "description": "Forgejo repository resource.\n\n**Note**: Managing user repositories requires administrative privileges!", "description_kind": "markdown"}}, "forgejo_repository_action_secret": {"version": 0, "block": {"attributes": {"created_at": {"type": "string", "description": "Time at which the secret was created.", "description_kind": "plain", "computed": true}, "data": {"type": "string", "description": "Data of the secret.", "description_kind": "plain", "required": true, "sensitive": true}, "name": {"type": "string", "description": "Name of the secret. Changing this forces a new resource to be created.", "description_kind": "plain", "required": true}, "repository_id": {"type": "number", "description": "Numeric identifier of the repository. Changing this forces a new resource to be created.", "description_kind": "plain", "required": true}}, "description": "Forgejo repository action secret resource.", "description_kind": "plain"}}, "forgejo_repository_action_variable": {"version": 0, "block": {"attributes": {"data": {"type": "string", "description": "Data of the variable.", "description_kind": "plain", "required": true}, "name": {"type": "string", "description": "Name of the variable.", "description_kind": "plain", "required": true}, "repository_id": {"type": "number", "description": "Numeric identifier of the repository. Changing this forces a new resource to be created.", "description_kind": "plain", "required": true}}, "description": "Forgejo repository action variable resource.", "description_kind": "plain"}}, "forgejo_repository_webhook": {"version": 0, "block": {"attributes": {"active": {"type": "bool", "description": "Boolean indicating if the webhook is active.", "description_kind": "plain", "optional": true, "computed": true}, "authorization_header": {"type": "string", "description": "Authorization header to send to the target.", "description_kind": "plain", "optional": true, "sensitive": true}, "branch_filter": {"type": "string", "description": "List of allowed branches for push, branch creation and branch deletion events, specified as glob pattern. If empty or *, events for all branches are reported.", "description_kind": "plain", "optional": true, "computed": true}, "config": {"type": ["map", "string"], "description": "Map of configuration settings, e.g. \"content_type\" and \"url\". The \"secret\" key is write-only: Forgejo accepts it on create/update but never returns it, so the provider preserves the configured value instead of reading it back, and cannot detect changes made outside of Terraform.", "description_kind": "plain", "required": true}, "created_at": {"type": "string", "description": "Time at which the webhook was created.", "description_kind": "plain", "computed": true}, "events": {"type": ["set", "string"], "description": "List of events which trigger the webhook.", "description_kind": "plain", "optional": true, "computed": true}, "repository_id": {"type": "number", "description": "Numeric identifier of the repository. Changing this forces a new resource to be created.", "description_kind": "plain", "required": true}, "type": {"type": "string", "description": "Type of webhook. Changing this forces a new resource to be created.", "description_kind": "plain", "required": true}, "updated_at": {"type": "string", "description": "Time at which the webhook was updated.", "description_kind": "plain", "computed": true}, "webhook_id": {"type": "string", "description": "Numeric identifier of the webhook.", "description_kind": "plain", "computed": true}}, "description": "Forgejo repository webhook resource.", "description_kind": "markdown"}}, "forgejo_ssh_key": {"version": 0, "block": {"attributes": {"created_at": {"type": "string", "description": "Time at which the SSH key was created.", "description_kind": "plain", "computed": true}, "fingerprint": {"type": "string", "description": "Fingerprint of the SSH key.", "description_kind": "plain", "computed": true}, "key": {"type": "string", "description": "Armored SSH key. Trailing newlines must be removed (e.g. using trimspace() function). Changing this forces a new resource to be created.", "description_kind": "plain", "required": true}, "key_id": {"type": "number", "description": "Numeric identifier of the SSH key.", "description_kind": "plain", "computed": true}, "key_type": {"type": "string", "description": "Type of the SSH key.", "description_kind": "plain", "computed": true}, "read_only": {"type": "bool", "description": "Does the key have only read access?", "description_kind": "plain", "computed": true}, "title": {"type": "string", "description": "Title of the SSH key. Changing this forces a new resource to be created.", "description_kind": "plain", "required": true}, "url": {"type": "string", "description": "URL of the SSH key.", "description_kind": "plain", "computed": true}, "user": {"type": "string", "description": "Name of the user. Changing this forces a new resource to be created.", "description_kind": "plain", "required": true}}, "description": "Forgejo user SSH key resource.\n\n**Note**: Managing user SSH keys requires administrative privileges!", "description_kind": "markdown"}}, "forgejo_team": {"version": 0, "block": {"attributes": {"can_create_org_repo": {"type": "bool", "description": "Can create repositories?", "description_kind": "plain", "optional": true, "computed": true}, "description": {"type": "string", "description": "Description of the team.", "description_kind": "plain", "optional": true, "computed": true}, "id": {"type": "string", "description": "Numeric identifier of the team.", "description_kind": "plain", "computed": true}, "includes_all_repositories": {"type": "bool", "description": "Has access to all repositories?", "description_kind": "plain", "optional": true, "computed": true}, "name": {"type": "string", "description": "Name of the team.", "description_kind": "plain", "required": true}, "organization": {"type": "string", "description": "Name of the owning organization. Changing this forces a new resource to be created. **Note**: One of `organization` or `organization_id` must be specified.", "description_kind": "markdown", "optional": true, "computed": true}, "organization_id": {"type": "number", "description": "Numeric identifier of the owning organization. Changing this forces a new resource to be created. **Note**: One of `organization` or `organization_id` must be specified.", "description_kind": "markdown", "optional": true, "computed": true}, "permission": {"type": "string", "description": "Permissions within the owning organization. **Note**: If you set `admin` or `owner` here, make sure to set the correct `units_map`.", "description_kind": "plain", "optional": true, "computed": true}, "units_map": {"type": ["map", "string"], "description": "Map of access units. **Note**: If the `permission` is `admin` or `owner` all units must be set to `admin` as well.", "description_kind": "plain", "required": true}}, "description": "Forgejo team resource.\n\n**Note**: The authenticated user must be a member of the managed organization(s) or have administrative privileges!", "description_kind": "markdown"}}, "forgejo_team_member": {"version": 0, "block": {"attributes": {"team_id": {"type": "number", "description": "Numeric identifier of the team. Changing this forces a new resource to be created.", "description_kind": "plain", "required": true}, "user": {"type": "string", "description": "Username of the team member. Changing this forces a new resource to be created.", "description_kind": "plain", "required": true}}, "description": "Forgejo team member resource.", "description_kind": "plain"}}, "forgejo_user": {"version": 0, "block": {"attributes": {"active": {"type": "bool", "description": "Is the user active?", "description_kind": "plain", "optional": true, "computed": true}, "admin": {"type": "bool", "description": "Is the user an administrator?", "description_kind": "plain", "optional": true, "computed": true}, "allow_create_organization": {"type": "bool", "description": "Allow user to create organizations?", "description_kind": "plain", "optional": true, "computed": true}, "allow_git_hook": {"type": "bool", "description": "Allow user to create Git hooks?", "description_kind": "plain", "optional": true, "computed": true}, "allow_import_local": {"type": "bool", "description": "Allow user to import local repositories?", "description_kind": "plain", "optional": true, "computed": true}, "avatar_url": {"type": "string", "description": "Avatar URL of the user.", "description_kind": "plain", "computed": true}, "created_at": {"type": "string", "description": "Time at which the user was created.", "description_kind": "plain", "computed": true}, "deactivate_on_destroy": {"type": "bool", "description": "Deactivate the user instead of delete?", "description_kind": "plain", "optional": true, "computed": true}, "description": {"type": "string", "description": "Description of the user.", "description_kind": "plain", "optional": true, "computed": true}, "email": {"type": "string", "description": "Email address of the user.", "description_kind": "plain", "required": true}, "followers_count": {"type": "number", "description": "Number of following users.", "description_kind": "plain", "computed": true}, "following_count": {"type": "number", "description": "Number of users followed.", "description_kind": "plain", "computed": true}, "full_name": {"type": "string", "description": "Full name of the user.", "description_kind": "plain", "optional": true, "computed": true}, "html_url": {"type": "string", "description": "URL to the user's profile page.", "description_kind": "plain", "computed": true}, "id": {"type": "string", "description": "Numeric identifier of the user.", "description_kind": "plain", "computed": true}, "language": {"type": "string", "description": "Locale of the user.", "description_kind": "plain", "computed": true}, "last_login": {"type": "string", "description": "Time at which the user last logged in.", "description_kind": "plain", "computed": true}, "location": {"type": "string", "description": "Location of the user.", "description_kind": "plain", "optional": true, "computed": true}, "login": {"type": "string", "description": "Name of the user. Changing this forces a new resource to be created.", "description_kind": "plain", "required": true}, "login_name": {"type": "string", "description": "Login name of the user.", "description_kind": "plain", "optional": true, "computed": true}, "max_repo_creation": {"type": "number", "description": "Maximum number of repositories user can create. A value of -1 means no limit.", "description_kind": "plain", "optional": true, "computed": true}, "must_change_password": {"type": "bool", "description": "Require user to change password?", "description_kind": "plain", "optional": true, "computed": true}, "password": {"type": "string", "description": "Password of the user.", "description_kind": "plain", "required": true, "sensitive": true}, "prohibit_login": {"type": "bool", "description": "Are user logins prohibited?", "description_kind": "plain", "optional": true, "computed": true}, "restricted": {"type": "bool", "description": "Is the user restricted?", "description_kind": "plain", "optional": true, "computed": true}, "send_notify": {"type": "bool", "description": "Send notification to administrators? Changing this forces a new resource to be created.", "description_kind": "plain", "optional": true, "computed": true}, "source_id": {"type": "number", "description": "Numeric identifier of the user's authentication source.", "description_kind": "plain", "optional": true, "computed": true}, "starred_repos_count": {"type": "number", "description": "Number of starred repositories.", "description_kind": "plain", "computed": true}, "visibility": {"type": "string", "description": "Visibility of the user. Possible values are 'public' (default), 'limited', or 'private'.", "description_kind": "plain", "optional": true, "computed": true}, "website": {"type": "string", "description": "Website of the user.", "description_kind": "plain", "optional": true, "computed": true}}, "description": "Forgejo user resource.\n\n**Note**: Managing users requires administrative privileges!", "description_kind": "markdown"}}}, "data_source_schemas": {"forgejo_collaborator": {"version": 0, "block": {"attributes": {"permission": {"type": "string", "description": "Repository permissions of the collaborator.", "description_kind": "plain", "computed": true}, "repository_id": {"type": "number", "description": "Numeric identifier of the repository.", "description_kind": "plain", "required": true}, "user": {"type": "string", "description": "Username of the collaborator.", "description_kind": "plain", "required": true}}, "description": "Forgejo repository collaborator data source.", "description_kind": "plain"}}, "forgejo_deploy_key": {"version": 0, "block": {"attributes": {"created_at": {"type": "string", "description": "Time at which the deploy key was created.", "description_kind": "plain", "computed": true}, "fingerprint": {"type": "string", "description": "Fingerprint of the deploy key.", "description_kind": "plain", "computed": true}, "key": {"type": "string", "description": "Armored SSH key.", "description_kind": "plain", "computed": true}, "key_id": {"type": "number", "description": "Numeric identifier of the deploy key.", "description_kind": "plain", "computed": true}, "read_only": {"type": "bool", "description": "Does the key have only read access?", "description_kind": "plain", "computed": true}, "repository_id": {"type": "number", "description": "Numeric identifier of the repository.", "description_kind": "plain", "required": true}, "title": {"type": "string", "description": "Title of the deploy key.", "description_kind": "plain", "required": true}, "url": {"type": "string", "description": "URL of the deploy key.", "description_kind": "plain", "computed": true}}, "description": "Forgejo repository deploy key data source.", "description_kind": "plain"}}, "forgejo_gpg_key": {"version": 0, "block": {"attributes": {"can_certify": {"type": "bool", "description": "Can this key certify.", "description_kind": "plain", "computed": true}, "can_encrypt_comms": {"type": "bool", "description": "Can this key encrypt communications.", "description_kind": "plain", "computed": true}, "can_encrypt_storage": {"type": "bool", "description": "Can this key encrypt storage.", "description_kind": "plain", "computed": true}, "can_sign": {"type": "bool", "description": "Can this key sign.", "description_kind": "plain", "computed": true}, "created_at": {"type": "string", "description": "Time at which the GPG key was created.", "description_kind": "plain", "computed": true}, "emails": {"type": ["list", ["object", {"email": "string", "verified": "bool"}]], "description": "Emails associated with the GPG key.", "description_kind": "plain", "computed": true}, "expires_at": {"type": "string", "description": "Time at which the GPG key expires.", "description_kind": "plain", "computed": true}, "id": {"type": "number", "description": "Numeric identifier of the GPG key.", "description_kind": "plain", "computed": true}, "key_id": {"type": "string", "description": "ID of the GPG key.", "description_kind": "plain", "required": true}, "primary_key_id": {"type": "string", "description": "Primary ID of the GPG key.", "description_kind": "plain", "computed": true}, "public_key": {"type": "string", "description": "The public key.", "description_kind": "plain", "computed": true}, "subkeys": {"type": ["list", ["object", {"can_certify": "bool", "can_encrypt_comms": "bool", "can_encrypt_storage": "bool", "can_sign": "bool", "created_at": "string", "expires_at": "string", "id": "number", "key_id": "string", "primary_key_id": "string", "public_key": "string"}]], "description": "Subkeys of the GPG key.", "description_kind": "plain", "computed": true}, "user": {"type": "string", "description": "Name of the user.", "description_kind": "plain", "optional": true}}, "description": "Forgejo user GPG key data source.", "description_kind": "plain"}}, "forgejo_organization": {"version": 0, "block": {"attributes": {"avatar_url": {"type": "string", "description": "Avatar URL of the organization.", "description_kind": "plain", "computed": true}, "description": {"type": "string", "description": "Description of the organization.", "description_kind": "plain", "computed": true}, "full_name": {"type": "string", "description": "Full name of the organization.", "description_kind": "plain", "computed": true}, "id": {"type": "number", "description": "Numeric identifier of the organization.", "description_kind": "plain", "computed": true}, "location": {"type": "string", "description": "Location of the organization.", "description_kind": "plain", "computed": true}, "name": {"type": "string", "description": "Name of the organization.", "description_kind": "plain", "required": true}, "visibility": {"type": "string", "description": "Visibility of the organization.", "description_kind": "plain", "computed": true}, "website": {"type": "string", "description": "Website of the organization.", "description_kind": "plain", "computed": true}}, "description": "Forgejo organization data source.", "description_kind": "plain"}}, "forgejo_organization_action_variable": {"version": 0, "block": {"attributes": {"data": {"type": "string", "description": "Data of the variable.", "description_kind": "plain", "computed": true}, "name": {"type": "string", "description": "Name of the variable.", "description_kind": "plain", "required": true}, "organization": {"type": "string", "description": "Name of the owning organization. **Note**: One of `organization` or `organization_id` must be specified.", "description_kind": "markdown", "optional": true, "computed": true}, "organization_id": {"type": "number", "description": "Numeric identifier of the owning organization. **Note**: One of `organization` or `organization_id` must be specified.", "description_kind": "markdown", "optional": true, "computed": true}}, "description": "Forgejo organization action variable data source.", "description_kind": "plain"}}, "forgejo_personal_access_token": {"version": 0, "block": {"attributes": {"id": {"type": "number", "description": "ID of the personal access token.", "description_kind": "plain", "computed": true}, "name": {"type": "string", "description": "Name of the personal access token.", "description_kind": "plain", "required": true}, "scopes": {"type": ["set", "string"], "description": "Scopes of the personal access token.", "description_kind": "plain", "computed": true}, "token_last_eight": {"type": "string", "description": "Last eight characters of the personal access token.", "description_kind": "plain", "computed": true}, "user": {"type": "string", "description": "Name of the user.", "description_kind": "plain", "required": true}}, "description": "Forgejo personal access token data source.", "description_kind": "plain"}}, "forgejo_repository": {"version": 0, "block": {"attributes": {"allow_merge_commits": {"type": "bool", "description": "Allowed to create merge commit?", "description_kind": "plain", "computed": true}, "allow_rebase": {"type": "bool", "description": "Allowed to rebase then fast-forward?", "description_kind": "plain", "computed": true}, "allow_rebase_explicit": {"type": "bool", "description": "Allowed to rebase then create merge commit?", "description_kind": "plain", "computed": true}, "allow_squash_merge": {"type": "bool", "description": "Allowed to create squash commit?", "description_kind": "plain", "computed": true}, "archived": {"type": "bool", "description": "Is the repository archived?", "description_kind": "plain", "computed": true}, "avatar_url": {"type": "string", "description": "Avatar URL of the repository.", "description_kind": "plain", "computed": true}, "clone_addr": {"type": "string", "description": "Migrate / clone from URL.", "description_kind": "plain", "computed": true}, "clone_url": {"type": "string", "description": "Clone URL of the repository.", "description_kind": "plain", "computed": true}, "created_at": {"type": "string", "description": "Time at which the repository was created.", "description_kind": "plain", "computed": true}, "default_branch": {"type": "string", "description": "Default branch of the repository.", "description_kind": "plain", "computed": true}, "default_merge_style": {"type": "string", "description": "Default merge style of the repository.", "description_kind": "plain", "computed": true}, "description": {"type": "string", "description": "Description of the repository.", "description_kind": "plain", "computed": true}, "empty": {"type": "bool", "description": "Is the repository empty?", "description_kind": "plain", "computed": true}, "external_tracker": {"nested_type": {"attributes": {"external_tracker_format": {"type": "string", "description": "External issue tracker URL format.", "description_kind": "plain", "computed": true}, "external_tracker_regexp_pattern": {"type": "string", "description": "External issue tracker issue regular expression.", "description_kind": "plain", "computed": true}, "external_tracker_style": {"type": "string", "description": "External issue tracker number format.", "description_kind": "plain", "computed": true}, "external_tracker_url": {"type": "string", "description": "URL of external issue tracker.", "description_kind": "plain", "computed": true}}, "nesting_mode": "single"}, "description": "Settings for external issue tracker.", "description_kind": "plain", "computed": true}, "external_wiki": {"nested_type": {"attributes": {"external_wiki_url": {"type": "string", "description": "URL of external wiki.", "description_kind": "plain", "computed": true}}, "nesting_mode": "single"}, "description": "Settings for external wiki.", "description_kind": "plain", "computed": true}, "fork": {"type": "bool", "description": "Is the repository a fork?", "description_kind": "plain", "computed": true}, "forks_count": {"type": "number", "description": "Number of forks of the repository.", "description_kind": "plain", "computed": true}, "full_name": {"type": "string", "description": "Full name of the repository.", "description_kind": "plain", "computed": true}, "has_actions": {"type": "bool", "description": "Are integrated CI/CD pipelines enabled?", "description_kind": "plain", "computed": true}, "has_issues": {"type": "bool", "description": "Is the repository issue tracker enabled?", "description_kind": "plain", "computed": true}, "has_packages": {"type": "bool", "description": "Is the repository package registry enabled?", "description_kind": "plain", "computed": true}, "has_projects": {"type": "bool", "description": "Are repository projects enabled?", "description_kind": "plain", "computed": true}, "has_pull_requests": {"type": "bool", "description": "Are repository pull requests enabled?", "description_kind": "plain", "computed": true}, "has_releases": {"type": "bool", "description": "Are repository releases enabled?", "description_kind": "plain", "computed": true}, "has_wiki": {"type": "bool", "description": "Is the repository wiki enabled?", "description_kind": "plain", "computed": true}, "html_url": {"type": "string", "description": "HTML URL of the repository.", "description_kind": "plain", "computed": true}, "id": {"type": "number", "description": "Numeric identifier of the repository.", "description_kind": "plain", "computed": true}, "ignore_whitespace_conflicts": {"type": "bool", "description": "Are whitespace conflicts ignored?", "description_kind": "plain", "computed": true}, "internal": {"type": "bool", "description": "Is the repository internal?", "description_kind": "plain", "computed": true}, "internal_tracker": {"nested_type": {"attributes": {"allow_only_contributors_to_track_time": {"type": "bool", "description": "Let only contributors track time?", "description_kind": "plain", "computed": true}, "enable_issue_dependencies": {"type": "bool", "description": "Enable dependencies for issues and pull requests?", "description_kind": "plain", "computed": true}, "enable_time_tracker": {"type": "bool", "description": "Enable time tracking?", "description_kind": "plain", "computed": true}}, "nesting_mode": "single"}, "description": "Settings for built-in issue tracker.", "description_kind": "plain", "computed": true}, "mirror": {"type": "bool", "description": "Is the repository a mirror?", "description_kind": "plain", "computed": true}, "mirror_interval": {"type": "string", "description": "Mirror interval of the repository.", "description_kind": "plain", "computed": true}, "mirror_updated": {"type": "string", "description": "Time at which the repository mirror was updated.", "description_kind": "plain", "computed": true}, "name": {"type": "string", "description": "Name of the repository.", "description_kind": "plain", "required": true}, "open_issues_count": {"type": "number", "description": "Number of open issues of the repository.", "description_kind": "plain", "computed": true}, "open_pr_counter": {"type": "number", "description": "Number of open pull requests of the repository.", "description_kind": "plain", "computed": true}, "owner": {"type": "string", "description": "Owner of the repository (user or organization).", "description_kind": "plain", "required": true}, "parent_id": {"type": "number", "description": "Numeric identifier of the parent repository.", "description_kind": "plain", "computed": true}, "permissions": {"nested_type": {"attributes": {"admin": {"type": "bool", "description": "Allowed to administer?", "description_kind": "plain", "computed": true}, "pull": {"type": "bool", "description": "Allowed to pull?", "description_kind": "plain", "computed": true}, "push": {"type": "bool", "description": "Allowed to push?", "description_kind": "plain", "computed": true}}, "nesting_mode": "single"}, "description": "Permissions of the repository.", "description_kind": "plain", "computed": true}, "private": {"type": "bool", "description": "Is the repository private?", "description_kind": "plain", "computed": true}, "release_counter": {"type": "number", "description": "Number of releases of the repository.", "description_kind": "plain", "computed": true}, "size": {"type": "number", "description": "Size of the repository in KiB.", "description_kind": "plain", "computed": true}, "ssh_url": {"type": "string", "description": "SSH URL of the repository.", "description_kind": "plain", "computed": true}, "stars_count": {"type": "number", "description": "Number of stars of the repository.", "description_kind": "plain", "computed": true}, "template": {"type": "bool", "description": "Is the repository a template?", "description_kind": "plain", "computed": true}, "updated_at": {"type": "string", "description": "Time at which the repository was updated.", "description_kind": "plain", "computed": true}, "watchers_count": {"type": "number", "description": "Number of watchers of the repository.", "description_kind": "plain", "computed": true}, "website": {"type": "string", "description": "Website of the repository.", "description_kind": "plain", "computed": true}}, "description": "Forgejo repository data source.", "description_kind": "plain"}}, "forgejo_repository_action_variable": {"version": 0, "block": {"attributes": {"data": {"type": "string", "description": "Data of the variable.", "description_kind": "plain", "computed": true}, "name": {"type": "string", "description": "Name of the variable.", "description_kind": "plain", "required": true}, "repository_id": {"type": "number", "description": "Numeric identifier of the repository.", "description_kind": "plain", "required": true}}, "description": "Forgejo repository action variable data source.", "description_kind": "plain"}}, "forgejo_ssh_key": {"version": 0, "block": {"attributes": {"created_at": {"type": "string", "description": "Time at which the SSH key was created.", "description_kind": "plain", "computed": true}, "fingerprint": {"type": "string", "description": "Fingerprint of the SSH key.", "description_kind": "plain", "computed": true}, "key": {"type": "string", "description": "Armored SSH key.", "description_kind": "plain", "computed": true}, "key_id": {"type": "number", "description": "Numeric identifier of the SSH key.", "description_kind": "plain", "computed": true}, "key_type": {"type": "string", "description": "Type of the SSH key.", "description_kind": "plain", "computed": true}, "read_only": {"type": "bool", "description": "Does the key have only read access?", "description_kind": "plain", "computed": true}, "title": {"type": "string", "description": "Title of the SSH key.", "description_kind": "plain", "required": true}, "url": {"type": "string", "description": "URL of the SSH key.", "description_kind": "plain", "computed": true}, "user": {"type": "string", "description": "Name of the user.", "description_kind": "plain", "required": true}}, "description": "Forgejo user SSH key data source.", "description_kind": "plain"}}, "forgejo_team": {"version": 0, "block": {"attributes": {"can_create_org_repo": {"type": "bool", "description": "Can create repositories?", "description_kind": "plain", "computed": true}, "description": {"type": "string", "description": "Description of the team.", "description_kind": "plain", "computed": true}, "id": {"type": "number", "description": "Numeric identifier of the team.", "description_kind": "plain", "computed": true}, "includes_all_repositories": {"type": "bool", "description": "Has access to all repositories?", "description_kind": "plain", "computed": true}, "name": {"type": "string", "description": "Name of the team.", "description_kind": "plain", "required": true}, "organization": {"type": "string", "description": "Name of the owning organization. **Note**: One of `organization` or `organization_id` must be specified.", "description_kind": "markdown", "optional": true, "computed": true}, "organization_id": {"type": "number", "description": "Numeric identifier of the owning organization. **Note**: One of `organization` or `organization_id` must be specified.", "description_kind": "markdown", "optional": true, "computed": true}, "permission": {"type": "string", "description": "Permissions within the owning organization.", "description_kind": "plain", "computed": true}, "units_map": {"type": ["map", "string"], "description": "Map of access units.", "description_kind": "plain", "computed": true}}, "description": "Forgejo team data source.", "description_kind": "plain"}}, "forgejo_team_member": {"version": 0, "block": {"attributes": {"team_id": {"type": "number", "description": "Numeric identifier of the team.", "description_kind": "plain", "required": true}, "user": {"type": "string", "description": "Username of the team member.", "description_kind": "plain", "required": true}}, "description": "Forgejo team member data source.", "description_kind": "plain"}}, "forgejo_user": {"version": 0, "block": {"attributes": {"active": {"type": "bool", "description": "Is the user active?", "description_kind": "plain", "computed": true}, "admin": {"type": "bool", "description": "Is the user an administrator?", "description_kind": "plain", "computed": true}, "avatar_url": {"type": "string", "description": "Avatar URL of the user.", "description_kind": "plain", "computed": true}, "created_at": {"type": "string", "description": "Time at which the user was created.", "description_kind": "plain", "computed": true}, "description": {"type": "string", "description": "Description of the user.", "description_kind": "plain", "computed": true}, "email": {"type": "string", "description": "Email address of the user.", "description_kind": "plain", "computed": true}, "followers_count": {"type": "number", "description": "Number of following users.", "description_kind": "plain", "computed": true}, "following_count": {"type": "number", "description": "Number of users followed.", "description_kind": "plain", "computed": true}, "full_name": {"type": "string", "description": "Full name of the user.", "description_kind": "plain", "computed": true}, "html_url": {"type": "string", "description": "URL to the user's profile page.", "description_kind": "plain", "computed": true}, "id": {"type": "number", "description": "Numeric identifier of the user.", "description_kind": "plain", "computed": true}, "language": {"type": "string", "description": "Locale of the user.", "description_kind": "plain", "computed": true}, "last_login": {"type": "string", "description": "Time at which the user last logged in.", "description_kind": "plain", "computed": true}, "location": {"type": "string", "description": "Location of the user.", "description_kind": "plain", "computed": true}, "login": {"type": "string", "description": "Name of the user.", "description_kind": "plain", "required": true}, "login_name": {"type": "string", "description": "Login name of the user.", "description_kind": "plain", "computed": true}, "prohibit_login": {"type": "bool", "description": "Are user logins prohibited?", "description_kind": "plain", "computed": true}, "restricted": {"type": "bool", "description": "Is the user restricted?", "description_kind": "plain", "computed": true}, "source_id": {"type": "number", "description": "Numeric identifier of the user's authentication source.", "description_kind": "plain", "computed": true}, "starred_repos_count": {"type": "number", "description": "Number of starred repositories.", "description_kind": "plain", "computed": true}, "visibility": {"type": "string", "description": "Visibility of the user.", "description_kind": "plain", "computed": true}, "website": {"type": "string", "description": "Website of the user.", "description_kind": "plain", "computed": true}}, "description": "Forgejo user data source.", "description_kind": "plain"}}}}}}